
Microsoft Visual Studio Solution File, Format Version 12.00
# Visual Studio Version 17
VisualStudioVersion = 17.11.35327.3
MinimumVisualStudioVersion = 10.0.40219.1
Project("{9A19103F-16F7-4668-BE54-9A1E7A4F7556}") = "rc2-dvm", "rc2-dvm\rc2-dvm.csproj", "{1890E3E1-7D8D-4288-BAE1-EA0E918C06FF}"
EndProject
Project("{9A19103F-16F7-4668-BE54-9A1E7A4F7556}") = "fnecore", "fnecore\fnecore.csproj", "{77DAE228-BEA2-43A8-949B-9F7253B62C0E}"
EndProject
Global
	GlobalSection(SolutionConfigurationPlatforms) = preSolution
		Debug|Any CPU = Debug|Any CPU
		Release|Any CPU = Release|Any CPU
	EndGlobalSection
	GlobalSection(ProjectConfigurationPlatforms) = postSolution
		{1890E3E1-7D8D-4288-BAE1-EA0E918C06FF}.Debug|Any CPU.ActiveCfg = Debug|Any CPU
		{1890E3E1-7D8D-4288-BAE1-EA0E918C06FF}.Debug|Any CPU.Build.0 = Debug|Any CPU
		{1890E3E1-7D8D-4288-BAE1-EA0E918C06FF}.Release|Any CPU.ActiveCfg = Release|Any CPU
		{1890E3E1-7D8D-4288-BAE1-EA0E918C06FF}.Release|Any CPU.Build.0 = Release|Any CPU
		{77DAE228-BEA2-43A8-949B-9F7253B62C0E}.Debug|Any CPU.ActiveCfg = Debug|Any CPU
		{77DAE228-BEA2-43A8-949B-9F7253B62C0E}.Debug|Any CPU.Build.0 = Debug|Any CPU
		{77DAE228-BEA2-43A8-949B-9F7253B62C0E}.Release|Any CPU.ActiveCfg = Release|Any CPU
		{77DAE228-BEA2-43A8-949B-9F7253B62C0E}.Release|Any CPU.Build.0 = Release|Any CPU
	EndGlobalSection
	GlobalSection(SolutionProperties) = preSolution
		HideSolutionNode = FALSE
	EndGlobalSection
	GlobalSection(ExtensibilityGlobals) = postSolution
		SolutionGuid = {DBCA004D-CFEF-4FC2-95FB-C4041AF23B0C}
	EndGlobalSection
EndGlobal
