
Microsoft Visual Studio Solution File, Format Version 12.00
# Visual Studio Version 17
VisualStudioVersion = 17.11.35327.3
MinimumVisualStudioVersion = 10.0.40219.1
Project("{9A19103F-16F7-4668-BE54-9A1E7A4F7556}") = "rc2-dvm", "rc2-dvm\rc2-dvm.csproj", "{1890E3E1-7D8D-4288-BAE1-EA0E918C06FF}"
EndProject
Project("{9A19103F-16F7-4668-BE54-9A1E7A4F7556}") = "fnecore", "fnecore\fnecore.csproj", "{77DAE228-BEA2-43A8-949B-9F7253B62C0E}"
EndProject
Project("{9A19103F-16F7-4668-BE54-9A1E7A4F7556}") = "rc2-core", "rc2-core\rc2-core.csproj", "{7E2A55CA-9876-4BE8-9BD9-6A987F7EF2CA}"
EndProject
Global
	GlobalSection(SolutionConfigurationPlatforms) = preSolution
		Debug|x86 = Debug|x86
		Release|x86 = Release|x86
	EndGlobalSection
	GlobalSection(ProjectConfigurationPlatforms) = postSolution
		{1890E3E1-7D8D-4288-BAE1-EA0E918C06FF}.Debug|x86.ActiveCfg = Debug|x86
		{1890E3E1-7D8D-4288-BAE1-EA0E918C06FF}.Debug|x86.Build.0 = Debug|x86
		{1890E3E1-7D8D-4288-BAE1-EA0E918C06FF}.Release|x86.ActiveCfg = Release|x86
		{1890E3E1-7D8D-4288-BAE1-EA0E918C06FF}.Release|x86.Build.0 = Release|x86
		{77DAE228-BEA2-43A8-949B-9F7253B62C0E}.Debug|x86.ActiveCfg = Debug|x86
		{77DAE228-BEA2-43A8-949B-9F7253B62C0E}.Debug|x86.Build.0 = Debug|x86
		{77DAE228-BEA2-43A8-949B-9F7253B62C0E}.Release|x86.ActiveCfg = Release|x86
		{77DAE228-BEA2-43A8-949B-9F7253B62C0E}.Release|x86.Build.0 = Release|x86
		{7E2A55CA-9876-4BE8-9BD9-6A987F7EF2CA}.Debug|x86.ActiveCfg = Debug|x86
		{7E2A55CA-9876-4BE8-9BD9-6A987F7EF2CA}.Debug|x86.Build.0 = Debug|x86
		{7E2A55CA-9876-4BE8-9BD9-6A987F7EF2CA}.Release|x86.ActiveCfg = Release|x86
		{7E2A55CA-9876-4BE8-9BD9-6A987F7EF2CA}.Release|x86.Build.0 = Release|x86
	EndGlobalSection
	GlobalSection(SolutionProperties) = preSolution
		HideSolutionNode = FALSE
	EndGlobalSection
	GlobalSection(ExtensibilityGlobals) = postSolution
		SolutionGuid = {DBCA004D-CFEF-4FC2-95FB-C4041AF23B0C}
	EndGlobalSection
EndGlobal
